
Microsoft Visual Studio Solution File, Format Version 12.00
# Visual Studio Version 17
VisualStudioVersion = 17.14.36616.10 d17.14
MinimumVisualStudioVersion = 10.0.40219.1
Project("{FAE04EC0-301F-11D3-BF4B-00C04F79EFBC}") = "MarketPlace", "MarketPlace\MarketPlace.csproj", "{BEAF2160-9C6B-4E7E-A024-0606BA3CCB28}"
EndProject
Global
	GlobalSection(SolutionConfigurationPlatforms) = preSolution
		Debug|Any CPU = Debug|Any CPU
		Release|Any CPU = Release|Any CPU
	EndGlobalSection
	GlobalSection(ProjectConfigurationPlatforms) = postSolution
		{BEAF2160-9C6B-4E7E-A024-0606BA3CCB28}.Debug|Any CPU.ActiveCfg = Debug|Any CPU
		{BEAF2160-9C6B-4E7E-A024-0606BA3CCB28}.Debug|Any CPU.Build.0 = Debug|Any CPU
		{BEAF2160-9C6B-4E7E-A024-0606BA3CCB28}.Release|Any CPU.ActiveCfg = Release|Any CPU
		{BEAF2160-9C6B-4E7E-A024-0606BA3CCB28}.Release|Any CPU.Build.0 = Release|Any CPU
	EndGlobalSection
	GlobalSection(SolutionProperties) = preSolution
		HideSolutionNode = FALSE
	EndGlobalSection
	GlobalSection(ExtensibilityGlobals) = postSolution
		SolutionGuid = {7497FAF5-9C0D-4534-9EC2-24C9841BD678}
	EndGlobalSection
EndGlobal
